
Microsoft Visual Studio Solution File, Format Version 12.00
# Visual Studio Version 17
VisualStudioVersion = 17.11.35312.102
MinimumVisualStudioVersion = 10.0.40219.1
Project("{FAE04EC0-301F-11D3-BF4B-00C04F79EFBC}") = "Pruebas de ejemplo", "Pruebas de ejemplo\Pruebas de ejemplo.csproj", "{48DDFB51-94D1-4844-9FDF-B57DD1EFDFC8}"
EndProject
Global
	GlobalSection(SolutionConfigurationPlatforms) = preSolution
		Debug|Any CPU = Debug|Any CPU
		Release|Any CPU = Release|Any CPU
	EndGlobalSection
	GlobalSection(ProjectConfigurationPlatforms) = postSolution
		{48DDFB51-94D1-4844-9FDF-B57DD1EFDFC8}.Debug|Any CPU.ActiveCfg = Debug|Any CPU
		{48DDFB51-94D1-4844-9FDF-B57DD1EFDFC8}.Debug|Any CPU.Build.0 = Debug|Any CPU
		{48DDFB51-94D1-4844-9FDF-B57DD1EFDFC8}.Release|Any CPU.ActiveCfg = Release|Any CPU
		{48DDFB51-94D1-4844-9FDF-B57DD1EFDFC8}.Release|Any CPU.Build.0 = Release|Any CPU
	EndGlobalSection
	GlobalSection(SolutionProperties) = preSolution
		HideSolutionNode = FALSE
	EndGlobalSection
	GlobalSection(ExtensibilityGlobals) = postSolution
		SolutionGuid = {B9EE61E2-9F57-402F-B2EE-DE36440DAA15}
	EndGlobalSection
EndGlobal
